
Microsoft Visual Studio Solution File, Format Version 12.00
# Visual Studio Version 17
VisualStudioVersion = 17.5.33424.131
MinimumVisualStudioVersion = 10.0.40219.1
Project("{FAE04EC0-301F-11D3-BF4B-00C04F79EFBC}") = "Lab7.0", "Lab7.0\Lab7.0.csproj", "{3A816280-E56A-44D0-9331-DA6174DD99F6}"
EndProject
Project("{FAE04EC0-301F-11D3-BF4B-00C04F79EFBC}") = "Lab7.2", "Lab7.2\Lab7.2.csproj", "{52EA2B75-5808-4263-8C8C-2C2736CF5359}"
EndProject
Global
	GlobalSection(SolutionConfigurationPlatforms) = preSolution
		Debug|Any CPU = Debug|Any CPU
		Release|Any CPU = Release|Any CPU
	EndGlobalSection
	GlobalSection(ProjectConfigurationPlatforms) = postSolution
		{3A816280-E56A-44D0-9331-DA6174DD99F6}.Debug|Any CPU.ActiveCfg = Debug|Any CPU
		{3A816280-E56A-44D0-9331-DA6174DD99F6}.Debug|Any CPU.Build.0 = Debug|Any CPU
		{3A816280-E56A-44D0-9331-DA6174DD99F6}.Release|Any CPU.ActiveCfg = Release|Any CPU
		{3A816280-E56A-44D0-9331-DA6174DD99F6}.Release|Any CPU.Build.0 = Release|Any CPU
		{52EA2B75-5808-4263-8C8C-2C2736CF5359}.Debug|Any CPU.ActiveCfg = Debug|Any CPU
		{52EA2B75-5808-4263-8C8C-2C2736CF5359}.Debug|Any CPU.Build.0 = Debug|Any CPU
		{52EA2B75-5808-4263-8C8C-2C2736CF5359}.Release|Any CPU.ActiveCfg = Release|Any CPU
		{52EA2B75-5808-4263-8C8C-2C2736CF5359}.Release|Any CPU.Build.0 = Release|Any CPU
	EndGlobalSection
	GlobalSection(SolutionProperties) = preSolution
		HideSolutionNode = FALSE
	EndGlobalSection
	GlobalSection(ExtensibilityGlobals) = postSolution
		SolutionGuid = {EA7323BD-086D-46E9-A56B-43A57CE27539}
	EndGlobalSection
EndGlobal
