
Microsoft Visual Studio Solution File, Format Version 12.00
# Visual Studio Version 16
VisualStudioVersion = 16.0.31205.134
MinimumVisualStudioVersion = 10.0.40219.1
Project("{FAE04EC0-301F-11D3-BF4B-00C04F79EFBC}") = "Lab33", "Lab33\Lab33.csproj", "{90AFADBE-FE72-46A6-8B7E-539FADEA8062}"
EndProject
Global
	GlobalSection(SolutionConfigurationPlatforms) = preSolution
		Debug|Any CPU = Debug|Any CPU
		Release|Any CPU = Release|Any CPU
	EndGlobalSection
	GlobalSection(ProjectConfigurationPlatforms) = postSolution
		{90AFADBE-FE72-46A6-8B7E-539FADEA8062}.Debug|Any CPU.ActiveCfg = Debug|Any CPU
		{90AFADBE-FE72-46A6-8B7E-539FADEA8062}.Debug|Any CPU.Build.0 = Debug|Any CPU
		{90AFADBE-FE72-46A6-8B7E-539FADEA8062}.Release|Any CPU.ActiveCfg = Release|Any CPU
		{90AFADBE-FE72-46A6-8B7E-539FADEA8062}.Release|Any CPU.Build.0 = Release|Any CPU
	EndGlobalSection
	GlobalSection(SolutionProperties) = preSolution
		HideSolutionNode = FALSE
	EndGlobalSection
	GlobalSection(ExtensibilityGlobals) = postSolution
		SolutionGuid = {5FB0A9EA-378A-494B-B967-2FF1560E455E}
	EndGlobalSection
EndGlobal
