
Microsoft Visual Studio Solution File, Format Version 12.00
# Visual Studio Version 17
VisualStudioVersion = 17.3.32929.385
MinimumVisualStudioVersion = 10.0.40219.1
Project("{FAE04EC0-301F-11D3-BF4B-00C04F79EFBC}") = "Lab5.3.1", "Lab5.3.1\Lab5.3.1.csproj", "{48868833-81B0-4136-98E4-4CD9E4C1381C}"
EndProject
Global
	GlobalSection(SolutionConfigurationPlatforms) = preSolution
		Debug|Any CPU = Debug|Any CPU
		Release|Any CPU = Release|Any CPU
	EndGlobalSection
	GlobalSection(ProjectConfigurationPlatforms) = postSolution
		{48868833-81B0-4136-98E4-4CD9E4C1381C}.Debug|Any CPU.ActiveCfg = Debug|Any CPU
		{48868833-81B0-4136-98E4-4CD9E4C1381C}.Debug|Any CPU.Build.0 = Debug|Any CPU
		{48868833-81B0-4136-98E4-4CD9E4C1381C}.Release|Any CPU.ActiveCfg = Release|Any CPU
		{48868833-81B0-4136-98E4-4CD9E4C1381C}.Release|Any CPU.Build.0 = Release|Any CPU
	EndGlobalSection
	GlobalSection(SolutionProperties) = preSolution
		HideSolutionNode = FALSE
	EndGlobalSection
	GlobalSection(ExtensibilityGlobals) = postSolution
		SolutionGuid = {7CCA2294-198F-432D-AE01-F1BA161CFF90}
	EndGlobalSection
EndGlobal
