
Microsoft Visual Studio Solution File, Format Version 12.00
# Visual Studio Version 17
VisualStudioVersion = 17.5.33414.496
MinimumVisualStudioVersion = 10.0.40219.1
Project("{FAE04EC0-301F-11D3-BF4B-00C04F79EFBC}") = "Lab4", "Lab4\Lab4.csproj", "{B9665F10-DEDA-431C-BD6E-5AEC50A110AD}"
EndProject
Global
	GlobalSection(SolutionConfigurationPlatforms) = preSolution
		Debug|Any CPU = Debug|Any CPU
		Release|Any CPU = Release|Any CPU
	EndGlobalSection
	GlobalSection(ProjectConfigurationPlatforms) = postSolution
		{B9665F10-DEDA-431C-BD6E-5AEC50A110AD}.Debug|Any CPU.ActiveCfg = Debug|Any CPU
		{B9665F10-DEDA-431C-BD6E-5AEC50A110AD}.Debug|Any CPU.Build.0 = Debug|Any CPU
		{B9665F10-DEDA-431C-BD6E-5AEC50A110AD}.Release|Any CPU.ActiveCfg = Release|Any CPU
		{B9665F10-DEDA-431C-BD6E-5AEC50A110AD}.Release|Any CPU.Build.0 = Release|Any CPU
	EndGlobalSection
	GlobalSection(SolutionProperties) = preSolution
		HideSolutionNode = FALSE
	EndGlobalSection
	GlobalSection(ExtensibilityGlobals) = postSolution
		SolutionGuid = {09111EB0-1914-46C0-B4FC-0831BBB973C9}
	EndGlobalSection
EndGlobal
