
Microsoft Visual Studio Solution File, Format Version 12.00
# Visual Studio Version 17
VisualStudioVersion = 17.5.33414.496
MinimumVisualStudioVersion = 10.0.40219.1
Project("{FAE04EC0-301F-11D3-BF4B-00C04F79EFBC}") = "Lab8_4", "Lab8_4\Lab8_4.csproj", "{D5417F8E-5B29-451F-854B-789D6F0720B5}"
EndProject
Global
	GlobalSection(SolutionConfigurationPlatforms) = preSolution
		Debug|Any CPU = Debug|Any CPU
		Release|Any CPU = Release|Any CPU
	EndGlobalSection
	GlobalSection(ProjectConfigurationPlatforms) = postSolution
		{D5417F8E-5B29-451F-854B-789D6F0720B5}.Debug|Any CPU.ActiveCfg = Debug|Any CPU
		{D5417F8E-5B29-451F-854B-789D6F0720B5}.Debug|Any CPU.Build.0 = Debug|Any CPU
		{D5417F8E-5B29-451F-854B-789D6F0720B5}.Release|Any CPU.ActiveCfg = Release|Any CPU
		{D5417F8E-5B29-451F-854B-789D6F0720B5}.Release|Any CPU.Build.0 = Release|Any CPU
	EndGlobalSection
	GlobalSection(SolutionProperties) = preSolution
		HideSolutionNode = FALSE
	EndGlobalSection
	GlobalSection(ExtensibilityGlobals) = postSolution
		SolutionGuid = {DE70B02C-B55F-4D85-9AFA-EB84453FA877}
	EndGlobalSection
EndGlobal
