
Microsoft Visual Studio Solution File, Format Version 12.00
# Visual Studio Version 17
VisualStudioVersion = 17.5.33414.496
MinimumVisualStudioVersion = 10.0.40219.1
Project("{FAE04EC0-301F-11D3-BF4B-00C04F79EFBC}") = "lab_4_1", "lab_4_1\lab_4_1.csproj", "{ADECCEE1-8C04-406E-BCD4-00F8EC6267AF}"
EndProject
Global
	GlobalSection(SolutionConfigurationPlatforms) = preSolution
		Debug|Any CPU = Debug|Any CPU
		Release|Any CPU = Release|Any CPU
	EndGlobalSection
	GlobalSection(ProjectConfigurationPlatforms) = postSolution
		{ADECCEE1-8C04-406E-BCD4-00F8EC6267AF}.Debug|Any CPU.ActiveCfg = Debug|Any CPU
		{ADECCEE1-8C04-406E-BCD4-00F8EC6267AF}.Debug|Any CPU.Build.0 = Debug|Any CPU
		{ADECCEE1-8C04-406E-BCD4-00F8EC6267AF}.Release|Any CPU.ActiveCfg = Release|Any CPU
		{ADECCEE1-8C04-406E-BCD4-00F8EC6267AF}.Release|Any CPU.Build.0 = Release|Any CPU
	EndGlobalSection
	GlobalSection(SolutionProperties) = preSolution
		HideSolutionNode = FALSE
	EndGlobalSection
	GlobalSection(ExtensibilityGlobals) = postSolution
		SolutionGuid = {2D2F079A-8FC5-452D-88AD-611834F91947}
	EndGlobalSection
EndGlobal
